{
    "_readme": [
        "This file locks the dependencies of your project to a known state",
        "Read more about it at https://getcomposer.org/doc/01-basic-usage.md#installing-dependencies",
        "This file is @generated automatically"
    ],
    "content-hash": "d6a89bfe46f27b27dfa6eb3d2c5930c3",
    "packages": [],
    "packages-dev": [
        {
            "name": "automattic/jetpack-autoloader",
            "version": "v5.0.7",
            "source": {
                "type": "git",
                "url": "https://github.com/Automattic/jetpack-autoloader.git",
                "reference": "8ab8cc721937030a7a3d77d3d6698649f56de4d9"
            },
            "dist": {
                "type": "zip",
                "url": "https://api.github.com/repos/Automattic/jetpack-autoloader/zipball/8ab8cc721937030a7a3d77d3d6698649f56de4d9",
                "reference": "8ab8cc721937030a7a3d77d3d6698649f56de4d9",
                "shasum": ""
            },
            "require": {
                "composer-plugin-api": "^2.2",
                "php": ">=7.2"
            },
            "require-dev": {
                "automattic/jetpack-changelogger": "^6.0.5",
                "automattic/phpunit-select-config": "^1.0.3",
                "composer/composer": "^2.2",
                "yoast/phpunit-polyfills": "^4.0.0"
            },
            "type": "composer-plugin",
            "extra": {
                "class": "Automattic\\Jetpack\\Autoloader\\CustomAutoloaderPlugin",
                "autotagger": true,
                "mirror-repo": "Automattic/jetpack-autoloader",
                "branch-alias": {
                    "dev-trunk": "5.0.x-dev"
                },
                "changelogger": {
                    "link-template": "https://github.com/Automattic/jetpack-autoloader/compare/v${old}...v${new}"
                },
                "version-constants": {
                    "::VERSION": "src/AutoloadGenerator.php"
                }
            },
            "autoload": {
                "psr-4": {
                    "Automattic\\Jetpack\\Autoloader\\": "src"
                },
                "classmap": [
                    "src/AutoloadGenerator.php"
                ]
            },
            "notification-url": "https://packagist.org/downloads/",
            "license": [
                "GPL-2.0-or-later"
            ],
            "description": "Creates a custom autoloader for a plugin or theme.",
            "keywords": [
                "autoload",
                "autoloader",
                "composer",
                "jetpack",
                "plugin",
                "wordpress"
            ],
            "support": {
                "source": "https://github.com/Automattic/jetpack-autoloader/tree/v5.0.7"
            },
            "time": "2025-04-28T15:12:56+00:00"
        }
    ],
    "aliases": [],
    "minimum-stability": "stable",
    "stability-flags": {},
    "prefer-stable": false,
    "prefer-lowest": false,
    "platform": {},
    "platform-dev": {},
    "plugin-api-version": "2.6.0"
}
